
Microsoft Visual Studio Solution File, Format Version 12.00
# Visual Studio 15
VisualStudioVersion = 15.0.27130.2010
MinimumVisualStudioVersion = 10.0.40219.1
Project("{F184B08F-C81C-45F6-A57F-5ABD9991F28F}") = "ControlTelefonia", "ControlTelefonia\ControlTelefonia.vbproj", "{DB414DDA-E209-4B25-8A09-410B45CA2C84}"
EndProject
Global
	GlobalSection(SolutionConfigurationPlatforms) = preSolution
		Debug|Any CPU = Debug|Any CPU
		Release|Any CPU = Release|Any CPU
	EndGlobalSection
	GlobalSection(ProjectConfigurationPlatforms) = postSolution
		{DB414DDA-E209-4B25-8A09-410B45CA2C84}.Debug|Any CPU.ActiveCfg = Debug|Any CPU
		{DB414DDA-E209-4B25-8A09-410B45CA2C84}.Debug|Any CPU.Build.0 = Debug|Any CPU
		{DB414DDA-E209-4B25-8A09-410B45CA2C84}.Release|Any CPU.ActiveCfg = Release|Any CPU
		{DB414DDA-E209-4B25-8A09-410B45CA2C84}.Release|Any CPU.Build.0 = Release|Any CPU
	EndGlobalSection
	GlobalSection(SolutionProperties) = preSolution
		HideSolutionNode = FALSE
	EndGlobalSection
	GlobalSection(ExtensibilityGlobals) = postSolution
		SolutionGuid = {4E0666B7-7415-4990-90AF-A889C62FABC5}
	EndGlobalSection
EndGlobal
